PackratFormat: 1.4
PackratVersion: 0.5.0
RVersion: 3.4.4
Repos: CRAN=https://cran.rstudio.com/

Package: BH
Source: CRAN
Version: 1.72.0-3
Hash: fc53be86f0b712d3de03fef95893d710

Package: R6
Source: CRAN
Version: 2.4.1
Hash: b488861d8c3dfac497e041ec911df9fb

Package: Rcpp
Source: CRAN
Version: 1.0.1
Hash: 390ed5b5da840cec3e6f5c90c6ab23f7

Package: crayon
Source: CRAN
Version: 1.3.4
Hash: ff2840dd9b0d563fc80377a5a45510cd

Package: digest
Source: CRAN
Version: 0.6.18
Hash: 65f62365ec69ddd17230d2ffe891a6ab

Package: htmltools
Source: CRAN
Version: 0.3.6
Hash: ef5869fcbca46a9551ce5b78954a6c2e
Requires: Rcpp, digest

Package: httpuv
Source: CRAN
Version: 1.5.1
Hash: cd18bfdc5cb3cb39ee8c868148a7bdc9
Requires: BH, R6, Rcpp, later, promises

Package: jsonlite
Source: CRAN
Version: 1.6
Hash: 5f969e213e966135393e3e304abf3f49

Package: later
Source: CRAN
Version: 0.8.0
Hash: 7bde542b8133a2fab9049bd4de79011b
Requires: BH, Rcpp, rlang

Package: magrittr
Source: CRAN
Version: 1.5
Hash: bdc4d48c3135e8f3b399536ddf160df4

Package: mime
Source: CRAN
Version: 0.6
Hash: 2ed8f98b8284ad733f3907fc6e2f1334

Package: promises
Source: CRAN
Version: 1.0.1
Hash: 9981e689b537e7dfa6decab6bc88772d
Requires: R6, Rcpp, later, magrittr, rlang

Package: rlang
Source: CRAN
Version: 0.3.4
Hash: 6a5220d1a973463418286038095d8c0b

Package: shiny
Source: CRAN
Version: 1.3.2
Hash: a48cf01573400333efa51dc999ab6447
Requires: R6, crayon, digest, htmltools, httpuv, jsonlite, later, mime,
    promises, rlang, sourcetools, xtable

Package: shinydashboard
Source: CRAN
Version: 0.7.1
Hash: 9ff3e3d1aa83d9ae9b75c6f31e982aa6
Requires: htmltools, promises, shiny

Package: sourcetools
Source: CRAN
Version: 0.1.7
Hash: d093478ac90064e670cd4bf1a99b47b6

Package: xtable
Source: CRAN
Version: 1.8-4
Hash: dc0d47261b678d26032363bebd050540
